// !$*UTF8*$!
{
	archiveVersion = 1;
	classes = {
	};
	objectVersion = 56;
	objects = {

/* Begin PBXBuildFile section */
		9B681EB62AB769A2007AE3D7 /* LawD_CasesApp.swift in Sources */ = {isa = PBXBuildFile; fileRef = 9B681EB52AB769A2007AE3D7 /* LawD_CasesApp.swift */; };
		9B681EB82AB769A2007AE3D7 /* ContentView.swift in Sources */ = {isa = PBXBuildFile; fileRef = 9B681EB72AB769A2007AE3D7 /* ContentView.swift */; };
		9B681EBA2AB769A4007AE3D7 /* Assets.xcassets in Resources */ = {isa = PBXBuildFile; fileRef = 9B681EB92AB769A4007AE3D7 /* Assets.xcassets */; };
		9B681EBD2AB769A4007AE3D7 /* Preview Assets.xcassets in Resources */ = {isa = PBXBuildFile; fileRef = 9B681EBC2AB769A4007AE3D7 /* Preview Assets.xcassets */; };
		9B681EC42AB76A29007AE3D7 /* WebView.swift in Sources */ = {isa = PBXBuildFile; fileRef = 9B681EC32AB76A29007AE3D7 /* WebView.swift */; };
		9B681ED92AB7A358007AE3D7 /* law.go.kr_DRF_lawService.do_OC=lee28835219&target=prec&ID=228541&type=XML.xml in Resources */ = {isa = PBXBuildFile; fileRef = 9B681ED82AB7A358007AE3D7 /* law.go.kr_DRF_lawService.do_OC=lee28835219&target=prec&ID=228541&type=XML.xml */; };
/* End PBXBuildFile section */

/* Begin PBXFileReference section */
		9B681EB22AB769A2007AE3D7 /* LawD Cases.app */ = {isa = PBXFileReference; explicitFileType = wrapper.application; includeInIndex = 0; path = "LawD Cases.app"; sourceTree = BUILT_PRODUCTS_DIR; };
		9B681EB52AB769A2007AE3D7 /* LawD_CasesApp.swift */ = {isa = PBXFileReference; lastKnownFileType = sourcecode.swift; path = LawD_CasesApp.swift; sourceTree = "<group>"; };
		9B681EB72AB769A2007AE3D7 /* ContentView.swift */ = {isa = PBXFileReference; lastKnownFileType = sourcecode.swift; path = ContentView.swift; sourceTree = "<group>"; };
		9B681EB92AB769A4007AE3D7 /* Assets.xcassets */ = {isa = PBXFileReference; lastKnownFileType = folder.assetcatalog; path = Assets.xcassets; sourceTree = "<group>"; };
		9B681EBC2AB769A4007AE3D7 /* Preview Assets.xcassets */ = {isa = PBXFileReference; lastKnownFileType = folder.assetcatalog; path = "Preview Assets.xcassets"; sourceTree = "<group>"; };
		9B681EC32AB76A29007AE3D7 /* WebView.swift */ = {isa = PBXFileReference; lastKnownFileType = sourcecode.swift; path = WebView.swift; sourceTree = "<group>"; };
		9B681ED72AB772DE007AE3D7 /* MyPlayground.playground */ = {isa = PBXFileReference; lastKnownFileType = file.playground; path = MyPlayground.playground; sourceTree = "<group>"; xcLanguageSpecificationIdentifier = xcode.lang.swift; };
		9B681ED82AB7A358007AE3D7 /* law.go.kr_DRF_lawService.do_OC=lee28835219&target=prec&ID=228541&type=XML.xml */ = {isa = PBXFileReference; fileEncoding = 4; lastKnownFileType = text.xml; name = "law.go.kr_DRF_lawService.do_OC=lee28835219&target=prec&ID=228541&type=XML.xml"; path = "../../../../ LawDB/Cases/law.go.kr_DRF_lawService.do_OC=lee28835219&target=prec&ID=228541&type=XML.xml"; sourceTree = "<group>"; };
/* End PBXFileReference section */

/* Begin PBXFrameworksBuildPhase section */
		9B681EAF2AB769A2007AE3D7 /* Frameworks */ = {
			isa = PBXFrameworksBuildPhase;
			buildActionMask = 2147483647;
			files = (
			);
			runOnlyForDeploymentPostprocessing = 0;
		};
/* End PBXFrameworksBuildPhase section */

/* Begin PBXGroup section */
		9B681EA92AB769A2007AE3D7 = {
			isa = PBXGroup;
			children = (
				9B681ED72AB772DE007AE3D7 /* MyPlayground.playground */,
				9B681EB42AB769A2007AE3D7 /* LawD Cases */,
				9B681EB32AB769A2007AE3D7 /* Products */,
			);
			sourceTree = "<group>";
		};
		9B681EB32AB769A2007AE3D7 /* Products */ = {
			isa = PBXGroup;
			children = (
				9B681EB22AB769A2007AE3D7 /* LawD Cases.app */,
			);
			name = Products;
			sourceTree = "<group>";
		};
		9B681EB42AB769A2007AE3D7 /* LawD Cases */ = {
			isa = PBXGroup;
			children = (
				9B681EB52AB769A2007AE3D7 /* LawD_CasesApp.swift */,
				9B681EB72AB769A2007AE3D7 /* ContentView.swift */,
				9B681EC32AB76A29007AE3D7 /* WebView.swift */,
				9B681ECC2AB76FF3007AE3D7 /* Resources */,
				9B681EB92AB769A4007AE3D7 /* Assets.xcassets */,
				9B681EBB2AB769A4007AE3D7 /* Preview Content */,
			);
			path = "LawD Cases";
			sourceTree = "<group>";
		};
		9B681EBB2AB769A4007AE3D7 /* Preview Content */ = {
			isa = PBXGroup;
			children = (
				9B681EBC2AB769A4007AE3D7 /* Preview Assets.xcassets */,
			);
			path = "Preview Content";
			sourceTree = "<group>";
		};
		9B681ECC2AB76FF3007AE3D7 /* Resources */ = {
			isa = PBXGroup;
			children = (
				9B681ED82AB7A358007AE3D7 /* law.go.kr_DRF_lawService.do_OC=lee28835219&target=prec&ID=228541&type=XML.xml */,
			);
			path = Resources;
			sourceTree = "<group>";
		};
/* End PBXGroup section */

/* Begin PBXNativeTarget section */
		9B681EB12AB769A2007AE3D7 /* LawD Cases */ = {
			isa = PBXNativeTarget;
			buildConfigurationList = 9B681EC02AB769A4007AE3D7 /* Build configuration list for PBXNativeTarget "LawD Cases" */;
			buildPhases = (
				9B681EAE2AB769A2007AE3D7 /* Sources */,
				9B681EAF2AB769A2007AE3D7 /* Frameworks */,
				9B681EB02AB769A2007AE3D7 /* Resources */,
			);
			buildRules = (
			);
			dependencies = (
			);
			name = "LawD Cases";
			productName = "LawD Cases";
			productReference = 9B681EB22AB769A2007AE3D7 /* LawD Cases.app */;
			productType = "com.apple.product-type.application";
		};
/* End PBXNativeTarget section */

/* Begin PBXProject section */
		9B681EAA2AB769A2007AE3D7 /* Project object */ = {
			isa = PBXProject;
			attributes = {
				BuildIndependentTargetsInParallel = 1;
				LastSwiftUpdateCheck = 1430;
				LastUpgradeCheck = 1430;
				TargetAttributes = {
					9B681EB12AB769A2007AE3D7 = {
						CreatedOnToolsVersion = 14.3.1;
					};
				};
			};
			buildConfigurationList = 9B681EAD2AB769A2007AE3D7 /* Build configuration list for PBXProject "LawD Cases" */;
			compatibilityVersion = "Xcode 14.0";
			developmentRegion = en;
			hasScannedForEncodings = 0;
			knownRegions = (
				en,
				Base,
			);
			mainGroup = 9B681EA92AB769A2007AE3D7;
			productRefGroup = 9B681EB32AB769A2007AE3D7 /* Products */;
			projectDirPath = "";
			projectRoot = "";
			targets = (
				9B681EB12AB769A2007AE3D7 /* LawD Cases */,
			);
		};
/* End PBXProject section */

/* Begin PBXResourcesBuildPhase section */
		9B681EB02AB769A2007AE3D7 /* Resources */ = {
			isa = PBXResourcesBuildPhase;
			buildActionMask = 2147483647;
			files = (
				9B681EBD2AB769A4007AE3D7 /* Preview Assets.xcassets in Resources */,
				9B681ED92AB7A358007AE3D7 /* law.go.kr_DRF_lawService.do_OC=lee28835219&target=prec&ID=228541&type=XML.xml in Resources */,
				9B681EBA2AB769A4007AE3D7 /* Assets.xcassets in Resources */,
			);
			runOnlyForDeploymentPostprocessing = 0;
		};
/* End PBXResourcesBuildPhase section */

/* Begin PBXSourcesBuildPhase section */
		9B681EAE2AB769A2007AE3D7 /* Sources */ = {
			isa = PBXSourcesBuildPhase;
			buildActionMask = 2147483647;
			files = (
				9B681EC42AB76A29007AE3D7 /* WebView.swift in Sources */,
				9B681EB82AB769A2007AE3D7 /* ContentView.swift in Sources */,
				9B681EB62AB769A2007AE3D7 /* LawD_CasesApp.swift in Sources */,
			);
			runOnlyForDeploymentPostprocessing = 0;
		};
/* End PBXSourcesBuildPhase section */

/* Begin XCBuildConfiguration section */
		9B681EBE2AB769A4007AE3D7 /* Debug */ = {
			isa = XCBuildConfiguration;
			buildSettings = {
				ALWAYS_SEARCH_USER_PATHS = NO;
				CLANG_ANALYZER_NONNULL = YES;
				CLANG_ANALYZER_NUMBER_OBJECT_CONVERSION = YES_AGGRESSIVE;
				CLANG_CXX_LANGUAGE_STANDARD = "gnu++20";
				CLANG_ENABLE_MODULES = YES;
				CLANG_ENABLE_OBJC_ARC = YES;
				CLANG_ENABLE_OBJC_WEAK = YES;
				CLANG_WARN_BLOCK_CAPTURE_AUTORELEASING = YES;
				CLANG_WARN_BOOL_CONVERSION = YES;
				CLANG_WARN_COMMA = YES;
				CLANG_WARN_CONSTANT_CONVERSION = YES;
				CLANG_WARN_DEPRECATED_OBJC_IMPLEMENTATIONS = YES;
				CLANG_WARN_DIRECT_OBJC_ISA_USAGE = YES_ERROR;
				CLANG_WARN_DOCUMENTATION_COMMENTS = YES;
				CLANG_WARN_EMPTY_BODY = YES;
				CLANG_WARN_ENUM_CONVERSION = YES;
				CLANG_WARN_INFINITE_RECURSION = YES;
				CLANG_WARN_INT_CONVERSION = YES;
				CLANG_WARN_NON_LITERAL_NULL_CONVERSION = YES;
				CLANG_WARN_OBJC_IMPLICIT_RETAIN_SELF = YES;
				CLANG_WARN_OBJC_LITERAL_CONVERSION = YES;
				CLANG_WARN_OBJC_ROOT_CLASS = YES_ERROR;
				CLANG_WARN_QUOTED_INCLUDE_IN_FRAMEWORK_HEADER = YES;
				CLANG_WARN_RANGE_LOOP_ANALYSIS = YES;
				CLANG_WARN_STRICT_PROTOTYPES = YES;
				CLANG_WARN_SUSPICIOUS_MOVE = YES;
				CLANG_WARN_UNGUARDED_AVAILABILITY = YES_AGGRESSIVE;
				CLANG_WARN_UNREACHABLE_CODE = YES;
				CLANG_WARN__DUPLICATE_METHOD_MATCH = YES;
				COPY_PHASE_STRIP = NO;
				DEBUG_INFORMATION_FORMAT = dwarf;
				ENABLE_STRICT_OBJC_MSGSEND = YES;
				ENABLE_TESTABILITY = YES;
				GCC_C_LANGUAGE_STANDARD = gnu11;
				GCC_DYNAMIC_NO_PIC = NO;
				GCC_NO_COMMON_BLOCKS = YES;
				GCC_OPTIMIZATION_LEVEL = 0;
				GCC_PREPROCESSOR_DEFINITIONS = (
					"DEBUG=1",
					"$(inherited)",
				);
				GCC_WARN_64_TO_32_BIT_CONVERSION = YES;
				GCC_WARN_ABOUT_RETURN_TYPE = YES_ERROR;
				GCC_WARN_UNDECLARED_SELECTOR = YES;
				GCC_WARN_UNINITIALIZED_AUTOS = YES_AGGRESSIVE;
				GCC_WARN_UNUSED_FUNCTION = YES;
				GCC_WARN_UNUSED_VARIABLE = YES;
				IPHONEOS_DEPLOYMENT_TARGET = 16.4;
				MTL_ENABLE_DEBUG_INFO = INCLUDE_SOURCE;
				MTL_FAST_MATH = YES;
				ONLY_ACTIVE_ARCH = YES;
				SDKROOT = iphoneos;
				SWIFT_ACTIVE_COMPILATION_CONDITIONS = DEBUG;
				SWIFT_OPTIMIZATION_LEVEL = "-Onone";
			};
			name = Debug;
		};
		9B681EBF2AB769A4007AE3D7 /* Release */ = {
			isa = XCBuildConfiguration;
			buildSettings = {
				ALWAYS_SEARCH_USER_PATHS = NO;
				CLANG_ANALYZER_NONNULL = YES;
				CLANG_ANALYZER_NUMBER_OBJECT_CONVERSION = YES_AGGRESSIVE;
				CLANG_CXX_LANGUAGE_STANDARD = "gnu++20";
				CLANG_ENABLE_MODULES = YES;
				CLANG_ENABLE_OBJC_ARC = YES;
				CLANG_ENABLE_OBJC_WEAK = YES;
				CLANG_WARN_BLOCK_CAPTURE_AUTORELEASING = YES;
				CLANG_WARN_BOOL_CONVERSION = YES;
				CLANG_WARN_COMMA = YES;
				CLANG_WARN_CONSTANT_CONVERSION = YES;
				CLANG_WARN_DEPRECATED_OBJC_IMPLEMENTATIONS = YES;
				CLANG_WARN_DIRECT_OBJC_ISA_USAGE = YES_ERROR;
				CLANG_WARN_DOCUMENTATION_COMMENTS = YES;
				CLANG_WARN_EMPTY_BODY = YES;
				CLANG_WARN_ENUM_CONVERSION = YES;
				CLANG_WARN_INFINITE_RECURSION = YES;
				CLANG_WARN_INT_CONVERSION = YES;
				CLANG_WARN_NON_LITERAL_NULL_CONVERSION = YES;
				CLANG_WARN_OBJC_IMPLICIT_RETAIN_SELF = YES;
				CLANG_WARN_OBJC_LITERAL_CONVERSION = YES;
				CLANG_WARN_OBJC_ROOT_CLASS = YES_ERROR;
				CLANG_WARN_QUOTED_INCLUDE_IN_FRAMEWORK_HEADER = YES;
				CLANG_WARN_RANGE_LOOP_ANALYSIS = YES;
				CLANG_WARN_STRICT_PROTOTYPES = YES;
				CLANG_WARN_SUSPICIOUS_MOVE = YES;
				CLANG_WARN_UNGUARDED_AVAILABILITY = YES_AGGRESSIVE;
				CLANG_WARN_UNREACHABLE_CODE = YES;
				CLANG_WARN__DUPLICATE_METHOD_MATCH = YES;
				COPY_PHASE_STRIP = NO;
				DEBUG_INFORMATION_FORMAT = "dwarf-with-dsym";
				ENABLE_NS_ASSERTIONS = NO;
				ENABLE_STRICT_OBJC_MSGSEND = YES;
				GCC_C_LANGUAGE_STANDARD = gnu11;
				GCC_NO_COMMON_BLOCKS = YES;
				GCC_WARN_64_TO_32_BIT_CONVERSION = YES;
				GCC_WARN_ABOUT_RETURN_TYPE = YES_ERROR;
				GCC_WARN_UNDECLARED_SELECTOR = YES;
				GCC_WARN_UNINITIALIZED_AUTOS = YES_AGGRESSIVE;
				GCC_WARN_UNUSED_FUNCTION = YES;
				GCC_WARN_UNUSED_VARIABLE = YES;
				IPHONEOS_DEPLOYMENT_TARGET = 16.4;
				MTL_ENABLE_DEBUG_INFO = NO;
				MTL_FAST_MATH = YES;
				SDKROOT = iphoneos;
				SWIFT_COMPILATION_MODE = wholemodule;
				SWIFT_OPTIMIZATION_LEVEL = "-O";
				VALIDATE_PRODUCT = YES;
			};
			name = Release;
		};
		9B681EC12AB769A4007AE3D7 /* Debug */ = {
			isa = XCBuildConfiguration;
			buildSettings = {
				ASSETCATALOG_COMPILER_APPICON_NAME = AppIcon;
				ASSETCATALOG_COMPILER_GLOBAL_ACCENT_COLOR_NAME = AccentColor;
				CODE_SIGN_STYLE = Automatic;
				CURRENT_PROJECT_VERSION = 1;
				DEVELOPMENT_ASSET_PATHS = "\"LawD Cases/Preview Content\"";
				DEVELOPMENT_TEAM = 7QGS92TS4K;
				ENABLE_PREVIEWS = YES;
				GENERATE_INFOPLIST_FILE = YES;
				INFOPLIST_KEY_UIApplicationSceneManifest_Generation = YES;
				INFOPLIST_KEY_UIApplicationSupportsIndirectInputEvents = YES;
				INFOPLIST_KEY_UILaunchScreen_Generation = YES;
				INFOPLIST_KEY_UISupportedInterfaceOrientations_iPad = "UIInterfaceOrientationPortrait UIInterfaceOrientationPortraitUpsideDown UIInterfaceOrientationLandscapeLeft UIInterfaceOrientationLandscapeRight";
				INFOPLIST_KEY_UISupportedInterfaceOrientations_iPhone = "UIInterfaceOrientationPortrait UIInterfaceOrientationLandscapeLeft UIInterfaceOrientationLandscapeRight";
				IPHONEOS_DEPLOYMENT_TARGET = 14.0;
				LD_RUNPATH_SEARCH_PATHS = (
					"$(inherited)",
					"@executable_path/Frameworks",
				);
				MARKETING_VERSION = 1.0;
				PRODUCT_BUNDLE_IDENTIFIER = "Masterbuilder.LawD-Cases";
				PRODUCT_NAME = "$(TARGET_NAME)";
				SWIFT_EMIT_LOC_STRINGS = YES;
				SWIFT_VERSION = 5.0;
				TARGETED_DEVICE_FAMILY = "1,2";
			};
			name = Debug;
		};
		9B681EC22AB769A4007AE3D7 /* Release */ = {
			isa = XCBuildConfiguration;
			buildSettings = {
				ASSETCATALOG_COMPILER_APPICON_NAME = AppIcon;
				ASSETCATALOG_COMPILER_GLOBAL_ACCENT_COLOR_NAME = AccentColor;
				CODE_SIGN_STYLE = Automatic;
				CURRENT_PROJECT_VERSION = 1;
				DEVELOPMENT_ASSET_PATHS = "\"LawD Cases/Preview Content\"";
				DEVELOPMENT_TEAM = 7QGS92TS4K;
				ENABLE_PREVIEWS = YES;
				GENERATE_INFOPLIST_FILE = YES;
				INFOPLIST_KEY_UIApplicationSceneManifest_Generation = YES;
				INFOPLIST_KEY_UIApplicationSupportsIndirectInputEvents = YES;
				INFOPLIST_KEY_UILaunchScreen_Generation = YES;
				INFOPLIST_KEY_UISupportedInterfaceOrientations_iPad = "UIInterfaceOrientationPortrait UIInterfaceOrientationPortraitUpsideDown UIInterfaceOrientationLandscapeLeft UIInterfaceOrientationLandscapeRight";
				INFOPLIST_KEY_UISupportedInterfaceOrientations_iPhone = "UIInterfaceOrientationPortrait UIInterfaceOrientationLandscapeLeft UIInterfaceOrientationLandscapeRight";
				IPHONEOS_DEPLOYMENT_TARGET = 14.0;
				LD_RUNPATH_SEARCH_PATHS = (
					"$(inherited)",
					"@executable_path/Frameworks",
				);
				MARKETING_VERSION = 1.0;
				PRODUCT_BUNDLE_IDENTIFIER = "Masterbuilder.LawD-Cases";
				PRODUCT_NAME = "$(TARGET_NAME)";
				SWIFT_EMIT_LOC_STRINGS = YES;
				SWIFT_VERSION = 5.0;
				TARGETED_DEVICE_FAMILY = "1,2";
			};
			name = Release;
		};
/* End XCBuildConfiguration section */

/* Begin XCConfigurationList section */
		9B681EAD2AB769A2007AE3D7 /* Build configuration list for PBXProject "LawD Cases" */ = {
			isa = XCConfigurationList;
			buildConfigurations = (
				9B681EBE2AB769A4007AE3D7 /* Debug */,
				9B681EBF2AB769A4007AE3D7 /* Release */,
			);
			defaultConfigurationIsVisible = 0;
			defaultConfigurationName = Release;
		};
		9B681EC02AB769A4007AE3D7 /* Build configuration list for PBXNativeTarget "LawD Cases" */ = {
			isa = XCConfigurationList;
			buildConfigurations = (
				9B681EC12AB769A4007AE3D7 /* Debug */,
				9B681EC22AB769A4007AE3D7 /* Release */,
			);
			defaultConfigurationIsVisible = 0;
			defaultConfigurationName = Release;
		};
/* End XCConfigurationList section */
	};
	rootObject = 9B681EAA2AB769A2007AE3D7 /* Project object */;
}
